{
  "name": "hi-thermal-printer",
  "version": "1.0.5",
  "lockfileVersion": 1,
  "requires": true,
  "dependencies": {
    "dank-do-while": {
      "version": "0.1.2",
      "resolved": "https://registry.npmjs.org/dank-do-while/-/dank-do-while-0.1.2.tgz",
      "integrity": "sha1-gZslk3uXd2V7VvUXKthWWW/NDIQ="
    },
    "net": {
      "version": "1.0.2",
      "resolved": "https://registry.npmjs.org/net/-/net-1.0.2.tgz",
      "integrity": "sha1-0XV+yaf7I3HYPPR1XOPifhCCk4g="
    },
    "node-png": {
      "version": "0.4.3",
      "resolved": "https://registry.npmjs.org/node-png/-/node-png-0.4.3.tgz",
      "integrity": "sha1-RQIjeWuC08yg/+Sl1cf6l0hZdOc="
    },
    "thermal-printer": {
      "version": "1.0.5",
      "resolved": "https://registry.npmjs.org/thermal-printer/-/thermal-printer-1.0.5.tgz",
      "integrity": "sha1-4/YYRyT3fQ1BOZW6ZXo3SVmlz7w=",
      "requires": {
        "net": "^1.0.2",
        "node-png": "^0.4.3",
        "unorm": "^1.4.1",
        "write-file-queue": "0.0.1"
      }
    },
    "unorm": {
      "version": "1.6.0",
      "resolved": "https://registry.npmjs.org/unorm/-/unorm-1.6.0.tgz",
      "integrity": "sha512-b2/KCUlYZUeA7JFUuRJZPUtr4gZvBh7tavtv4fvk4+KV9pfGiR6CQAQAWl49ZpR3ts2dk4FYkP7EIgDJoiOLDA=="
    },
    "write-file-queue": {
      "version": "0.0.1",
      "resolved": "https://registry.npmjs.org/write-file-queue/-/write-file-queue-0.0.1.tgz",
      "integrity": "sha1-N2T2FEUYBulhLJabdw2DCmqBFek=",
      "requires": {
        "dank-do-while": "^0.1.2"
      }
    }
  }
}
